
Microsoft Visual Studio Solution File, Format Version 12.00
# Visual Studio Version 17
VisualStudioVersion = 17.3.32929.385
MinimumVisualStudioVersion = 10.0.40219.1
Project("{9A19103F-16F7-4668-BE54-9A1E7A4F7556}") = "CityMicroService.WebApi", "CityMicroService.WebApi\CityMicroService.WebApi.csproj", "{88E3767C-967A-4E4E-A06F-B30404E1B92B}"
EndProject
Project("{9A19103F-16F7-4668-BE54-9A1E7A4F7556}") = "CityMicroService.BLL", "CityMicroService.BLL\CityMicroService.BLL.csproj", "{32115122-5FEF-418C-A5A6-63FF4DD1ED5E}"
EndProject
Project("{9A19103F-16F7-4668-BE54-9A1E7A4F7556}") = "CityMicroService.DAL", "CityMicroService.DAL\CityMicroService.DAL.csproj", "{21A7F43F-6E44-4A1A-A260-6862815EFD36}"
EndProject
Project("{2150E333-8FDC-42A3-9474-1A3956D46DE8}") = "Tests", "Tests", "{C54BE9D9-D731-480F-9914-6A39C2B682A5}"
EndProject
Project("{FAE04EC0-301F-11D3-BF4B-00C04F79EFBC}") = "CityMicroService.Test", "CityMicroService.Test\CityMicroService.Test.csproj", "{2AE2507D-523B-486B-B732-B3F21C3ABB03}"
EndProject
Global
	GlobalSection(SolutionConfigurationPlatforms) = preSolution
		Debug|Any CPU = Debug|Any CPU
		Release|Any CPU = Release|Any CPU
	EndGlobalSection
	GlobalSection(ProjectConfigurationPlatforms) = postSolution
		{88E3767C-967A-4E4E-A06F-B30404E1B92B}.Debug|Any CPU.ActiveCfg = Debug|Any CPU
		{88E3767C-967A-4E4E-A06F-B30404E1B92B}.Debug|Any CPU.Build.0 = Debug|Any CPU
		{88E3767C-967A-4E4E-A06F-B30404E1B92B}.Release|Any CPU.ActiveCfg = Release|Any CPU
		{88E3767C-967A-4E4E-A06F-B30404E1B92B}.Release|Any CPU.Build.0 = Release|Any CPU
		{32115122-5FEF-418C-A5A6-63FF4DD1ED5E}.Debug|Any CPU.ActiveCfg = Debug|Any CPU
		{32115122-5FEF-418C-A5A6-63FF4DD1ED5E}.Debug|Any CPU.Build.0 = Debug|Any CPU
		{32115122-5FEF-418C-A5A6-63FF4DD1ED5E}.Release|Any CPU.ActiveCfg = Release|Any CPU
		{32115122-5FEF-418C-A5A6-63FF4DD1ED5E}.Release|Any CPU.Build.0 = Release|Any CPU
		{21A7F43F-6E44-4A1A-A260-6862815EFD36}.Debug|Any CPU.ActiveCfg = Debug|Any CPU
		{21A7F43F-6E44-4A1A-A260-6862815EFD36}.Debug|Any CPU.Build.0 = Debug|Any CPU
		{21A7F43F-6E44-4A1A-A260-6862815EFD36}.Release|Any CPU.ActiveCfg = Release|Any CPU
		{21A7F43F-6E44-4A1A-A260-6862815EFD36}.Release|Any CPU.Build.0 = Release|Any CPU
		{2AE2507D-523B-486B-B732-B3F21C3ABB03}.Debug|Any CPU.ActiveCfg = Debug|Any CPU
		{2AE2507D-523B-486B-B732-B3F21C3ABB03}.Debug|Any CPU.Build.0 = Debug|Any CPU
		{2AE2507D-523B-486B-B732-B3F21C3ABB03}.Release|Any CPU.ActiveCfg = Release|Any CPU
		{2AE2507D-523B-486B-B732-B3F21C3ABB03}.Release|Any CPU.Build.0 = Release|Any CPU
	EndGlobalSection
	GlobalSection(SolutionProperties) = preSolution
		HideSolutionNode = FALSE
	EndGlobalSection
	GlobalSection(NestedProjects) = preSolution
		{2AE2507D-523B-486B-B732-B3F21C3ABB03} = {C54BE9D9-D731-480F-9914-6A39C2B682A5}
	EndGlobalSection
	GlobalSection(ExtensibilityGlobals) = postSolution
		SolutionGuid = {99A8BC4E-4CEE-453F-AE0F-26D7F5B14DA3}
	EndGlobalSection
EndGlobal
