
Microsoft Visual Studio Solution File, Format Version 12.00
# Visual Studio Version 17
VisualStudioVersion = 17.2.32616.157
MinimumVisualStudioVersion = 10.0.40219.1
Project("{FAE04EC0-301F-11D3-BF4B-00C04F79EFBC}") = "Lab3", "Lab3\Lab3.csproj", "{3A2C3F25-37F2-4D1A-81D9-81B9DC861E19}"
EndProject
Project("{FAE04EC0-301F-11D3-BF4B-00C04F79EFBC}") = "BLL", "BLL\BLL.csproj", "{D4080A37-5619-47FA-A830-587D4D321799}"
EndProject
Project("{FAE04EC0-301F-11D3-BF4B-00C04F79EFBC}") = "DAL", "DAL\DAL.csproj", "{88F0E317-03BF-4191-A322-9D0F3D11BF6A}"
EndProject
Global
	GlobalSection(SolutionConfigurationPlatforms) = preSolution
		Debug|Any CPU = Debug|Any CPU
		Release|Any CPU = Release|Any CPU
	EndGlobalSection
	GlobalSection(ProjectConfigurationPlatforms) = postSolution
		{3A2C3F25-37F2-4D1A-81D9-81B9DC861E19}.Debug|Any CPU.ActiveCfg = Debug|Any CPU
		{3A2C3F25-37F2-4D1A-81D9-81B9DC861E19}.Debug|Any CPU.Build.0 = Debug|Any CPU
		{3A2C3F25-37F2-4D1A-81D9-81B9DC861E19}.Release|Any CPU.ActiveCfg = Release|Any CPU
		{3A2C3F25-37F2-4D1A-81D9-81B9DC861E19}.Release|Any CPU.Build.0 = Release|Any CPU
		{D4080A37-5619-47FA-A830-587D4D321799}.Debug|Any CPU.ActiveCfg = Debug|Any CPU
		{D4080A37-5619-47FA-A830-587D4D321799}.Debug|Any CPU.Build.0 = Debug|Any CPU
		{D4080A37-5619-47FA-A830-587D4D321799}.Release|Any CPU.ActiveCfg = Release|Any CPU
		{D4080A37-5619-47FA-A830-587D4D321799}.Release|Any CPU.Build.0 = Release|Any CPU
		{88F0E317-03BF-4191-A322-9D0F3D11BF6A}.Debug|Any CPU.ActiveCfg = Debug|Any CPU
		{88F0E317-03BF-4191-A322-9D0F3D11BF6A}.Debug|Any CPU.Build.0 = Debug|Any CPU
		{88F0E317-03BF-4191-A322-9D0F3D11BF6A}.Release|Any CPU.ActiveCfg = Release|Any CPU
		{88F0E317-03BF-4191-A322-9D0F3D11BF6A}.Release|Any CPU.Build.0 = Release|Any CPU
	EndGlobalSection
	GlobalSection(SolutionProperties) = preSolution
		HideSolutionNode = FALSE
	EndGlobalSection
	GlobalSection(ExtensibilityGlobals) = postSolution
		SolutionGuid = {8382CD25-DAC9-4F97-85AB-8A989E6F2035}
	EndGlobalSection
EndGlobal
